<?xml version="1.0" encoding="utf-8"?>
<Project ToolsVersion="4.0" xmlns="http://schemas.microsoft.com/developer/msbuild/2003">
  <ItemGroup>
    <Filter Include="Source Files">
      <UniqueIdentifier>{4FC737F1-C7A5-4376-A066-2A32D752A2FF}</UniqueIdentifier>
      <Extensions>cpp;c;cc;cxx;def;odl;idl;hpj;bat;asm;asmx</Extensions>
    </Filter>
    <Filter Include="Header Files">
      <UniqueIdentifier>{93995380-89BD-4b04-88EB-625FBE52EBFB}</UniqueIdentifier>
      <Extensions>h;hh;hpp;hxx;hm;inl;inc;xsd</Extensions>
    </Filter>
    <Filter Include="Resource Files">
      <UniqueIdentifier>{67DA6AB6-F800-4c08-8B7A-83BB121AAD01}</UniqueIdentifier>
      <Extensions>rc;ico;cur;bmp;dlg;rc2;rct;bin;rgs;gif;jpg;jpeg;jpe;resx;tiff;tif;png;wav;mfcribbon-ms</Extensions>
    </Filter>
  </ItemGroup>
  <ItemGroup>
    <Text Include="ReadMe.txt" />
  </ItemGroup>
  <ItemGroup>
    <ClInclude Include="targetver.h">
      <Filter>Header Files</Filter>
    </ClInclude>
    <ClInclude Include="..\..\firebase-unity\source\XCodePlugin\JniValueEventStub.h">
      <Filter>Header Files</Filter>
    </ClInclude>
    <ClInclude Include="..\..\firebase-unity\source\XCodePlugin\JniAuth.h">
      <Filter>Header Files</Filter>
    </ClInclude>
    <ClInclude Include="..\..\firebase-unity\source\XCodePlugin\JniChildEventStub.h">
      <Filter>Header Files</Filter>
    </ClInclude>
    <ClInclude Include="..\..\firebase-unity\source\XCodePlugin\JniDataSnapshot.h">
      <Filter>Header Files</Filter>
    </ClInclude>
    <ClInclude Include="..\..\firebase-unity\source\XCodePlugin\JniEvent.h">
      <Filter>Header Files</Filter>
    </ClInclude>
    <ClInclude Include="..\..\firebase-unity\source\XCodePlugin\JniEventProcessor.h">
      <Filter>Header Files</Filter>
    </ClInclude>
    <ClInclude Include="..\..\firebase-unity\source\XCodePlugin\JniFirebase.h">
      <Filter>Header Files</Filter>
    </ClInclude>
    <ClInclude Include="..\..\firebase-unity\source\XCodePlugin\JniFirebaseError.h">
      <Filter>Header Files</Filter>
    </ClInclude>
    <ClInclude Include="..\..\firebase-unity\source\XCodePlugin\JniFloat.h">
      <Filter>Header Files</Filter>
    </ClInclude>
    <ClInclude Include="..\..\firebase-unity\source\XCodePlugin\JniHelper.h">
      <Filter>Header Files</Filter>
    </ClInclude>
    <ClInclude Include="..\..\firebase-unity\source\XCodePlugin\jnistub_AuthAnonymousStub.h">
      <Filter>Header Files</Filter>
    </ClInclude>
    <ClInclude Include="..\..\firebase-unity\source\XCodePlugin\jnistub_AuthCustomTokenStub.h">
      <Filter>Header Files</Filter>
    </ClInclude>
    <ClInclude Include="..\..\firebase-unity\source\XCodePlugin\jnistub_AuthOAuthStub.h">
      <Filter>Header Files</Filter>
    </ClInclude>
    <ClInclude Include="..\..\firebase-unity\source\XCodePlugin\jnistub_AuthPasswordStub.h">
      <Filter>Header Files</Filter>
    </ClInclude>
    <ClInclude Include="..\..\firebase-unity\source\XCodePlugin\jnistub_ChildEventListenerStub.h">
      <Filter>Header Files</Filter>
    </ClInclude>
    <ClInclude Include="..\..\firebase-unity\source\XCodePlugin\jnistub_ValueEventListenerStub.h">
      <Filter>Header Files</Filter>
    </ClInclude>
  </ItemGroup>
  <ItemGroup>
    <ClCompile Include="dllmain.cpp">
      <Filter>Source Files</Filter>
    </ClCompile>
    <ClCompile Include="..\..\firebase-unity\source\XCodePlugin\JniHelper.cpp">
      <Filter>Source Files</Filter>
    </ClCompile>
    <ClCompile Include="..\..\firebase-unity\source\XCodePlugin\jnistub_AuthAnonymousStub.cpp">
      <Filter>Source Files</Filter>
    </ClCompile>
    <ClCompile Include="..\..\firebase-unity\source\XCodePlugin\jnistub_AuthCustomTokenStub.cpp">
      <Filter>Source Files</Filter>
    </ClCompile>
    <ClCompile Include="..\..\firebase-unity\source\XCodePlugin\jnistub_AuthOAuthStub.cpp">
      <Filter>Source Files</Filter>
    </ClCompile>
    <ClCompile Include="..\..\firebase-unity\source\XCodePlugin\jnistub_AuthPasswordStub.cpp">
      <Filter>Source Files</Filter>
    </ClCompile>
    <ClCompile Include="..\..\firebase-unity\source\XCodePlugin\jnistub_ChildEventListenerStub.cpp">
      <Filter>Source Files</Filter>
    </ClCompile>
    <ClCompile Include="..\..\firebase-unity\source\XCodePlugin\jnistub_ValueEventListenerStub.cpp">
      <Filter>Source Files</Filter>
    </ClCompile>
    <ClCompile Include="..\..\firebase-unity\source\XCodePlugin\JniValueEventStub.cpp">
      <Filter>Source Files</Filter>
    </ClCompile>
    <ClCompile Include="..\..\firebase-unity\source\XCodePlugin\Plugin.cpp">
      <Filter>Source Files</Filter>
    </ClCompile>
    <ClCompile Include="..\..\firebase-unity\source\XCodePlugin\JniAuth.cpp">
      <Filter>Source Files</Filter>
    </ClCompile>
    <ClCompile Include="..\..\firebase-unity\source\XCodePlugin\JniChildEventStub.cpp">
      <Filter>Source Files</Filter>
    </ClCompile>
    <ClCompile Include="..\..\firebase-unity\source\XCodePlugin\JniDataSnapshot.cpp">
      <Filter>Source Files</Filter>
    </ClCompile>
    <ClCompile Include="..\..\firebase-unity\source\XCodePlugin\JniEvent.cpp">
      <Filter>Source Files</Filter>
    </ClCompile>
    <ClCompile Include="..\..\firebase-unity\source\XCodePlugin\JniEventProcessor.cpp">
      <Filter>Source Files</Filter>
    </ClCompile>
    <ClCompile Include="..\..\firebase-unity\source\XCodePlugin\JniFirebase.cpp">
      <Filter>Source Files</Filter>
    </ClCompile>
    <ClCompile Include="..\..\firebase-unity\source\XCodePlugin\JniFirebaseError.cpp">
      <Filter>Source Files</Filter>
    </ClCompile>
    <ClCompile Include="..\..\firebase-unity\source\XCodePlugin\JniFloat.cpp">
      <Filter>Source Files</Filter>
    </ClCompile>
  </ItemGroup>
</Project>